
Microsoft Visual Studio Solution File, Format Version 12.00
# Visual Studio Version 17
VisualStudioVersion = 17.1.32210.238
MinimumVisualStudioVersion = 10.0.40219.1
Project("{8BC9CEB8-8B4A-11D0-8D11-00A0C91BC942}") = "20230308_7", "20230308_7\20230308_7.vcxproj", "{796DB815-77F7-4A6A-9920-A68CD3923B6C}"
EndProject
Global
	GlobalSection(SolutionConfigurationPlatforms) = preSolution
		Debug|x64 = Debug|x64
		Debug|x86 = Debug|x86
		Release|x64 = Release|x64
		Release|x86 = Release|x86
	EndGlobalSection
	GlobalSection(ProjectConfigurationPlatforms) = postSolution
		{796DB815-77F7-4A6A-9920-A68CD3923B6C}.Debug|x64.ActiveCfg = Debug|x64
		{796DB815-77F7-4A6A-9920-A68CD3923B6C}.Debug|x64.Build.0 = Debug|x64
		{796DB815-77F7-4A6A-9920-A68CD3923B6C}.Debug|x86.ActiveCfg = Debug|Win32
		{796DB815-77F7-4A6A-9920-A68CD3923B6C}.Debug|x86.Build.0 = Debug|Win32
		{796DB815-77F7-4A6A-9920-A68CD3923B6C}.Release|x64.ActiveCfg = Release|x64
		{796DB815-77F7-4A6A-9920-A68CD3923B6C}.Release|x64.Build.0 = Release|x64
		{796DB815-77F7-4A6A-9920-A68CD3923B6C}.Release|x86.ActiveCfg = Release|Win32
		{796DB815-77F7-4A6A-9920-A68CD3923B6C}.Release|x86.Build.0 = Release|Win32
	EndGlobalSection
	GlobalSection(SolutionProperties) = preSolution
		HideSolutionNode = FALSE
	EndGlobalSection
	GlobalSection(ExtensibilityGlobals) = postSolution
		SolutionGuid = {4468A90B-03F1-4E13-A356-A4CBC3F2B498}
	EndGlobalSection
EndGlobal
