
Microsoft Visual Studio Solution File, Format Version 12.00
# Visual Studio Version 17
VisualStudioVersion = 17.1.32210.238
MinimumVisualStudioVersion = 10.0.40219.1
Project("{8BC9CEB8-8B4A-11D0-8D11-00A0C91BC942}") = "20230308_3", "20230308_3\20230308_3.vcxproj", "{D285C0A2-A38A-4796-85DA-1F107DFD557D}"
EndProject
Global
	GlobalSection(SolutionConfigurationPlatforms) = preSolution
		Debug|x64 = Debug|x64
		Debug|x86 = Debug|x86
		Release|x64 = Release|x64
		Release|x86 = Release|x86
	EndGlobalSection
	GlobalSection(ProjectConfigurationPlatforms) = postSolution
		{D285C0A2-A38A-4796-85DA-1F107DFD557D}.Debug|x64.ActiveCfg = Debug|x64
		{D285C0A2-A38A-4796-85DA-1F107DFD557D}.Debug|x64.Build.0 = Debug|x64
		{D285C0A2-A38A-4796-85DA-1F107DFD557D}.Debug|x86.ActiveCfg = Debug|Win32
		{D285C0A2-A38A-4796-85DA-1F107DFD557D}.Debug|x86.Build.0 = Debug|Win32
		{D285C0A2-A38A-4796-85DA-1F107DFD557D}.Release|x64.ActiveCfg = Release|x64
		{D285C0A2-A38A-4796-85DA-1F107DFD557D}.Release|x64.Build.0 = Release|x64
		{D285C0A2-A38A-4796-85DA-1F107DFD557D}.Release|x86.ActiveCfg = Release|Win32
		{D285C0A2-A38A-4796-85DA-1F107DFD557D}.Release|x86.Build.0 = Release|Win32
	EndGlobalSection
	GlobalSection(SolutionProperties) = preSolution
		HideSolutionNode = FALSE
	EndGlobalSection
	GlobalSection(ExtensibilityGlobals) = postSolution
		SolutionGuid = {BF0EF6C1-E961-49EB-9DCF-F58480E07E00}
	EndGlobalSection
EndGlobal
